
Microsoft Visual Studio Solution File, Format Version 12.00
# Visual Studio Version 17
VisualStudioVersion = 17.11.35312.102
MinimumVisualStudioVersion = 10.0.40219.1
Project("{FAE04EC0-301F-11D3-BF4B-00C04F79EFBC}") = "ListDicPractice", "ListDicPractice\ListDicPractice.csproj", "{290E3A60-A48D-4E56-A26E-579C9107B557}"
EndProject
Global
	GlobalSection(SolutionConfigurationPlatforms) = preSolution
		Debug|Any CPU = Debug|Any CPU
		Release|Any CPU = Release|Any CPU
	EndGlobalSection
	GlobalSection(ProjectConfigurationPlatforms) = postSolution
		{290E3A60-A48D-4E56-A26E-579C9107B557}.Debug|Any CPU.ActiveCfg = Debug|Any CPU
		{290E3A60-A48D-4E56-A26E-579C9107B557}.Debug|Any CPU.Build.0 = Debug|Any CPU
		{290E3A60-A48D-4E56-A26E-579C9107B557}.Release|Any CPU.ActiveCfg = Release|Any CPU
		{290E3A60-A48D-4E56-A26E-579C9107B557}.Release|Any CPU.Build.0 = Release|Any CPU
	EndGlobalSection
	GlobalSection(SolutionProperties) = preSolution
		HideSolutionNode = FALSE
	EndGlobalSection
	GlobalSection(ExtensibilityGlobals) = postSolution
		SolutionGuid = {EAECC9FE-9759-4545-B479-6F1BC7B10D72}
	EndGlobalSection
EndGlobal
